
Microsoft Visual Studio Solution File, Format Version 12.00
# Visual Studio Version 17
VisualStudioVersion = 17.11.35312.102
MinimumVisualStudioVersion = 10.0.40219.1
Project("{FAE04EC0-301F-11D3-BF4B-00C04F79EFBC}") = "Лабиринт", "Лабиринт\Лабиринт.csproj", "{73FF19E9-3D8F-4365-B8E2-DE0C3A0E513C}"
EndProject
Global
	GlobalSection(SolutionConfigurationPlatforms) = preSolution
		Debug|Any CPU = Debug|Any CPU
		Release|Any CPU = Release|Any CPU
	EndGlobalSection
	GlobalSection(ProjectConfigurationPlatforms) = postSolution
		{73FF19E9-3D8F-4365-B8E2-DE0C3A0E513C}.Debug|Any CPU.ActiveCfg = Debug|Any CPU
		{73FF19E9-3D8F-4365-B8E2-DE0C3A0E513C}.Debug|Any CPU.Build.0 = Debug|Any CPU
		{73FF19E9-3D8F-4365-B8E2-DE0C3A0E513C}.Release|Any CPU.ActiveCfg = Release|Any CPU
		{73FF19E9-3D8F-4365-B8E2-DE0C3A0E513C}.Release|Any CPU.Build.0 = Release|Any CPU
	EndGlobalSection
	GlobalSection(SolutionProperties) = preSolution
		HideSolutionNode = FALSE
	EndGlobalSection
	GlobalSection(ExtensibilityGlobals) = postSolution
		SolutionGuid = {FB2C5126-CC05-4C0D-8FAA-BC972CF3187A}
	EndGlobalSection
EndGlobal
