
Microsoft Visual Studio Solution File, Format Version 12.00
# Visual Studio Version 17
VisualStudioVersion = 17.11.35312.102
MinimumVisualStudioVersion = 10.0.40219.1
Project("{FAE04EC0-301F-11D3-BF4B-00C04F79EFBC}") = "Синус", "Синус\Синус.csproj", "{2414AA1D-619C-4061-B4C4-FBF9D410144C}"
EndProject
Global
	GlobalSection(SolutionConfigurationPlatforms) = preSolution
		Debug|Any CPU = Debug|Any CPU
		Release|Any CPU = Release|Any CPU
	EndGlobalSection
	GlobalSection(ProjectConfigurationPlatforms) = postSolution
		{2414AA1D-619C-4061-B4C4-FBF9D410144C}.Debug|Any CPU.ActiveCfg = Debug|Any CPU
		{2414AA1D-619C-4061-B4C4-FBF9D410144C}.Debug|Any CPU.Build.0 = Debug|Any CPU
		{2414AA1D-619C-4061-B4C4-FBF9D410144C}.Release|Any CPU.ActiveCfg = Release|Any CPU
		{2414AA1D-619C-4061-B4C4-FBF9D410144C}.Release|Any CPU.Build.0 = Release|Any CPU
	EndGlobalSection
	GlobalSection(SolutionProperties) = preSolution
		HideSolutionNode = FALSE
	EndGlobalSection
	GlobalSection(ExtensibilityGlobals) = postSolution
		SolutionGuid = {1BAB4A17-4B75-4B7F-99A4-DEC0DF826897}
	EndGlobalSection
EndGlobal
